{
  "name": "codex-automation-plugin",
  "version": "0.1.25",
  "lockfileVersion": 3,
  "requires": true,
  "packages": {
    "": {
      "name": "codex-automation-plugin",
      "version": "0.1.25",
      "license": "MIT",
      "dependencies": {
        "@rokid-prism/pluginbridge-plugin-sdk": "^0.1.1"
      },
      "engines": {
        "node": ">=22 <23"
      }
    },
    "node_modules/@rokid-prism/pluginbridge-plugin-sdk": {
      "version": "0.1.1",
      "resolved": "https://registry.npmjs.org/@rokid-prism/pluginbridge-plugin-sdk/-/pluginbridge-plugin-sdk-0.1.1.tgz",
      "integrity": "sha512-Qo9H9xKifXU/+u9oBnO86lfJH1Zbqkc47PHBunFz5NujvBsA0r1r5833MeCUppXGqITJ3fhjygId9YLM7VIM1g==",
      "license": "MIT",
      "engines": {
        "node": ">=18"
      }
    }
  }
}
